# This file is automatically @generated by Cargo.
# It is not intended for manual editing.
version = 3

[[package]]
name = "clot"
version = "0.1.0"
dependencies = [
 "yansi",
]

[[package]]
name = "yansi"
version = "1.0.0-rc.1"
source = "registry+https://github.com/rust-lang/crates.io-index"
checksum = "1367295b8f788d371ce2dbc842c7b709c73ee1364d30351dd300ec2203b12377"
