# This file is automatically @generated by Cargo.
# It is not intended for manual editing.
version = 4

[[package]]
name = "clot"
version = "0.1.0"
dependencies = [
 "specializer",
 "yansi",
]

[[package]]
name = "specializer"
version = "1.0.0"
source = "registry+https://github.com/rust-lang/crates.io-index"
checksum = "8634c745f03ae73f96fc21e80a3fa8b83481e2a72178ef77bb18e436385bc6d9"

[[package]]
name = "yansi"
version = "1.0.1"
source = "registry+https://github.com/rust-lang/crates.io-index"
checksum = "cfe53a6657fd280eaa890a3bc59152892ffa3e30101319d168b781ed6529b049"
